// !$*UTF8*$!
{
	archiveVersion = 1;
	classes = {
	};
	objectVersion = 46;
	objects = {

/* Begin PBXBuildFile section */
		11D5EA6718FCC8D100D5181A /* Foundation.framework in Frameworks */ = {isa = PBXBuildFile; fileRef = 11D5EA6618FCC8D100D5181A /* Foundation.framework */; };
		11D5EA6A18FCC8D100D5181A /* main.m in Sources */ = {isa = PBXBuildFile; fileRef = 11D5EA6918FCC8D100D5181A /* main.m */; };
		11D5EA6E18FCC8D100D5181A /* Average.1 in CopyFiles */ = {isa = PBXBuildFile; fileRef = 11D5EA6D18FCC8D100D5181A /* Average.1 */; };
/* End PBXBuildFile section */

/* Begin PBXCopyFilesBuildPhase section */
		11D5EA6118FCC8D100D5181A /* CopyFiles */ = {
			isa = PBXCopyFilesBuildPhase;
			buildActionMask = 2147483647;
			dstPath = /usr/share/man/man1/;
			dstSubfolderSpec = 0;
			files = (
				11D5EA6E18FCC8D100D5181A /* Average.1 in CopyFiles */,
			);
			runOnlyForDeploymentPostprocessing = 1;
		};
/* End PBXCopyFilesBuildPhase section */

/* Begin PBXFileReference section */
		11D5EA6318FCC8D100D5181A /* Average */ = {isa = PBXFileReference; explicitFileType = "compiled.mach-o.executable"; includeInIndex = 0; path = Average; sourceTree = BUILT_PRODUCTS_DIR; };
		11D5EA6618FCC8D100D5181A /* Foundation.framework */ = {isa = PBXFileReference; lastKnownFileType = wrapper.framework; name = Foundation.framework; path = System/Library/Frameworks/Foundation.framework; sourceTree = SDKROOT; };
		11D5EA6918FCC8D100D5181A /* main.m */ = {isa = PBXFileReference; lastKnownFileType = sourcecode.c.objc; path = main.m; sourceTree = "<group>"; };
		11D5EA6C18FCC8D100D5181A /* Average-Prefix.pch */ = {isa = PBXFileReference; lastKnownFileType = sourcecode.c.h; path = "Average-Prefix.pch"; sourceTree = "<group>"; };
		11D5EA6D18FCC8D100D5181A /* Average.1 */ = {isa = PBXFileReference; lastKnownFileType = text.man; path = Average.1; sourceTree = "<group>"; };
/* End PBXFileReference section */

/* Begin PBXFrameworksBuildPhase section */
		11D5EA6018FCC8D100D5181A /* Frameworks */ = {
			isa = PBXFrameworksBuildPhase;
			buildActionMask = 2147483647;
			files = (
				11D5EA6718FCC8D100D5181A /* Foundation.framework in Frameworks */,
			);
			runOnlyForDeploymentPostprocessing = 0;
		};
/* End PBXFrameworksBuildPhase section */

/* Begin PBXGroup section */
		11D5EA5A18FCC8D100D5181A = {
			isa = PBXGroup;
			children = (
				11D5EA6818FCC8D100D5181A /* Average */,
				11D5EA6518FCC8D100D5181A /* Frameworks */,
				11D5EA6418FCC8D100D5181A /* Products */,
			);
			sourceTree = "<group>";
		};
		11D5EA6418FCC8D100D5181A /* Products */ = {
			isa = PBXGroup;
			children = (
				11D5EA6318FCC8D100D5181A /* Average */,
			);
			name = Products;
			sourceTree = "<group>";
		};
		11D5EA6518FCC8D100D5181A /* Frameworks */ = {
			isa = PBXGroup;
			children = (
				11D5EA6618FCC8D100D5181A /* Foundation.framework */,
			);
			name = Frameworks;
			sourceTree = "<group>";
		};
		11D5EA6818FCC8D100D5181A /* Average */ = {
			isa = PBXGroup;
			children = (
				11D5EA6918FCC8D100D5181A /* main.m */,
				11D5EA6D18FCC8D100D5181A /* Average.1 */,
				11D5EA6B18FCC8D100D5181A /* Supporting Files */,
			);
			path = Average;
			sourceTree = "<group>";
		};
		11D5EA6B18FCC8D100D5181A /* Supporting Files */ = {
			isa = PBXGroup;
			children = (
				11D5EA6C18FCC8D100D5181A /* Average-Prefix.pch */,
			);
			name = "Supporting Files";
			sourceTree = "<group>";
		};
/* End PBXGroup section */

/* Begin PBXNativeTarget section */
		11D5EA6218FCC8D100D5181A /* Average */ = {
			isa = PBXNativeTarget;
			buildConfigurationList = 11D5EA7118FCC8D100D5181A /* Build configuration list for PBXNativeTarget "Average" */;
			buildPhases = (
				11D5EA5F18FCC8D100D5181A /* Sources */,
				11D5EA6018FCC8D100D5181A /* Frameworks */,
				11D5EA6118FCC8D100D5181A /* CopyFiles */,
			);
			buildRules = (
			);
			dependencies = (
			);
			name = Average;
			productName = Average;
			productReference = 11D5EA6318FCC8D100D5181A /* Average */;
			productType = "com.apple.product-type.tool";
		};
/* End PBXNativeTarget section */

/* Begin PBXProject section */
		11D5EA5B18FCC8D100D5181A /* Project object */ = {
			isa = PBXProject;
			attributes = {
				LastUpgradeCheck = 0510;
				ORGANIZATIONNAME = 1st1k;
			};
			buildConfigurationList = 11D5EA5E18FCC8D100D5181A /* Build configuration list for PBXProject "Average" */;
			compatibilityVersion = "Xcode 3.2";
			developmentRegion = English;
			hasScannedForEncodings = 0;
			knownRegions = (
				en,
			);
			mainGroup = 11D5EA5A18FCC8D100D5181A;
			productRefGroup = 11D5EA6418FCC8D100D5181A /* Products */;
			projectDirPath = "";
			projectRoot = "";
			targets = (
				11D5EA6218FCC8D100D5181A /* Average */,
			);
		};
/* End PBXProject section */

/* Begin PBXSourcesBuildPhase section */
		11D5EA5F18FCC8D100D5181A /* Sources */ = {
			isa = PBXSourcesBuildPhase;
			buildActionMask = 2147483647;
			files = (
				11D5EA6A18FCC8D100D5181A /* main.m in Sources */,
			);
			runOnlyForDeploymentPostprocessing = 0;
		};
/* End PBXSourcesBuildPhase section */

/* Begin XCBuildConfiguration section */
		11D5EA6F18FCC8D100D5181A /* Debug */ = {
			isa = XCBuildConfiguration;
			buildSettings = {
				ALWAYS_SEARCH_USER_PATHS = NO;
				CLANG_CXX_LANGUAGE_STANDARD = "gnu++0x";
				CLANG_CXX_LIBRARY = "libc++";
				CLANG_ENABLE_MODULES = YES;
				CLANG_ENABLE_OBJC_ARC = YES;
				CLANG_WARN_BOOL_CONVERSION = YES;
				CLANG_WARN_CONSTANT_CONVERSION = YES;
				CLANG_WARN_DIRECT_OBJC_ISA_USAGE = YES_ERROR;
				CLANG_WARN_EMPTY_BODY = YES;
				CLANG_WARN_ENUM_CONVERSION = YES;
				CLANG_WARN_INT_CONVERSION = YES;
				CLANG_WARN_OBJC_ROOT_CLASS = YES_ERROR;
				CLANG_WARN__DUPLICATE_METHOD_MATCH = YES;
				COPY_PHASE_STRIP = NO;
				GCC_C_LANGUAGE_STANDARD = gnu99;
				GCC_DYNAMIC_NO_PIC = NO;
				GCC_ENABLE_OBJC_EXCEPTIONS = YES;
				GCC_OPTIMIZATION_LEVEL = 0;
				GCC_PREPROCESSOR_DEFINITIONS = (
					"DEBUG=1",
					"$(inherited)",
				);
				GCC_SYMBOLS_PRIVATE_EXTERN = NO;
				GCC_WARN_64_TO_32_BIT_CONVERSION = YES;
				GCC_WARN_ABOUT_RETURN_TYPE = YES_ERROR;
				GCC_WARN_UNDECLARED_SELECTOR = YES;
				GCC_WARN_UNINITIALIZED_AUTOS = YES_AGGRESSIVE;
				GCC_WARN_UNUSED_FUNCTION = YES;
				GCC_WARN_UNUSED_VARIABLE = YES;
				MACOSX_DEPLOYMENT_TARGET = 10.9;
				ONLY_ACTIVE_ARCH = YES;
				SDKROOT = macosx;
			};
			name = Debug;
		};
		11D5EA7018FCC8D100D5181A /* Release */ = {
			isa = XCBuildConfiguration;
			buildSettings = {
				ALWAYS_SEARCH_USER_PATHS = NO;
				CLANG_CXX_LANGUAGE_STANDARD = "gnu++0x";
				CLANG_CXX_LIBRARY = "libc++";
				CLANG_ENABLE_MODULES = YES;
				CLANG_ENABLE_OBJC_ARC = YES;
				CLANG_WARN_BOOL_CONVERSION = YES;
				CLANG_WARN_CONSTANT_CONVERSION = YES;
				CLANG_WARN_DIRECT_OBJC_ISA_USAGE = YES_ERROR;
				CLANG_WARN_EMPTY_BODY = YES;
				CLANG_WARN_ENUM_CONVERSION = YES;
				CLANG_WARN_INT_CONVERSION = YES;
				CLANG_WARN_OBJC_ROOT_CLASS = YES_ERROR;
				CLANG_WARN__DUPLICATE_METHOD_MATCH = YES;
				COPY_PHASE_STRIP = YES;
				DEBUG_INFORMATION_FORMAT = "dwarf-with-dsym";
				ENABLE_NS_ASSERTIONS = NO;
				GCC_C_LANGUAGE_STANDARD = gnu99;
				GCC_ENABLE_OBJC_EXCEPTIONS = YES;
				GCC_WARN_64_TO_32_BIT_CONVERSION = YES;
				GCC_WARN_ABOUT_RETURN_TYPE = YES_ERROR;
				GCC_WARN_UNDECLARED_SELECTOR = YES;
				GCC_WARN_UNINITIALIZED_AUTOS = YES_AGGRESSIVE;
				GCC_WARN_UNUSED_FUNCTION = YES;
				GCC_WARN_UNUSED_VARIABLE = YES;
				MACOSX_DEPLOYMENT_TARGET = 10.9;
				SDKROOT = macosx;
			};
			name = Release;
		};
		11D5EA7218FCC8D100D5181A /* Debug */ = {
			isa = XCBuildConfiguration;
			buildSettings = {
				GCC_PRECOMPILE_PREFIX_HEADER = YES;
				GCC_PREFIX_HEADER = "Average/Average-Prefix.pch";
				PRODUCT_NAME = "$(TARGET_NAME)";
			};
			name = Debug;
		};
		11D5EA7318FCC8D100D5181A /* Release */ = {
			isa = XCBuildConfiguration;
			buildSettings = {
				GCC_PRECOMPILE_PREFIX_HEADER = YES;
				GCC_PREFIX_HEADER = "Average/Average-Prefix.pch";
				PRODUCT_NAME = "$(TARGET_NAME)";
			};
			name = Release;
		};
/* End XCBuildConfiguration section */

/* Begin XCConfigurationList section */
		11D5EA5E18FCC8D100D5181A /* Build configuration list for PBXProject "Average" */ = {
			isa = XCConfigurationList;
			buildConfigurations = (
				11D5EA6F18FCC8D100D5181A /* Debug */,
				11D5EA7018FCC8D100D5181A /* Release */,
			);
			defaultConfigurationIsVisible = 0;
			defaultConfigurationName = Release;
		};
		11D5EA7118FCC8D100D5181A /* Build configuration list for PBXNativeTarget "Average" */ = {
			isa = XCConfigurationList;
			buildConfigurations = (
				11D5EA7218FCC8D100D5181A /* Debug */,
				11D5EA7318FCC8D100D5181A /* Release */,
			);
			defaultConfigurationIsVisible = 0;
		};
/* End XCConfigurationList section */
	};
	rootObject = 11D5EA5B18FCC8D100D5181A /* Project object */;
}
